
Microsoft Visual Studio Solution File, Format Version 12.00
# Visual Studio Version 16
VisualStudioVersion = 16.0.33214.272
MinimumVisualStudioVersion = 10.0.40219.1
Project("{FAE04EC0-301F-11D3-BF4B-00C04F79EFBC}") = "AdactinApp", "AdactinApp\AdactinApp.csproj", "{7D2B698C-35AC-489B-9C1A-95A5770F13EE}"
EndProject
Global
	GlobalSection(SolutionConfigurationPlatforms) = preSolution
		Debug|Any CPU = Debug|Any CPU
		Release|Any CPU = Release|Any CPU
	EndGlobalSection
	GlobalSection(ProjectConfigurationPlatforms) = postSolution
		{7D2B698C-35AC-489B-9C1A-95A5770F13EE}.Debug|Any CPU.ActiveCfg = Debug|Any CPU
		{7D2B698C-35AC-489B-9C1A-95A5770F13EE}.Debug|Any CPU.Build.0 = Debug|Any CPU
		{7D2B698C-35AC-489B-9C1A-95A5770F13EE}.Release|Any CPU.ActiveCfg = Release|Any CPU
		{7D2B698C-35AC-489B-9C1A-95A5770F13EE}.Release|Any CPU.Build.0 = Release|Any CPU
	EndGlobalSection
	GlobalSection(SolutionProperties) = preSolution
		HideSolutionNode = FALSE
	EndGlobalSection
	GlobalSection(ExtensibilityGlobals) = postSolution
		SolutionGuid = {EF036BE6-C5BA-4943-B35C-1E425FBD130F}
	EndGlobalSection
EndGlobal
